
Microsoft Visual Studio Solution File, Format Version 12.00
# Visual Studio Version 17
VisualStudioVersion = 17.2.32630.192
MinimumVisualStudioVersion = 10.0.40219.1
Project("{FAE04EC0-301F-11D3-BF4B-00C04F79EFBC}") = "CountryAppDBFirstApproachEFCore", "CountryAppDBFirstApproachEFCore\CountryAppDBFirstApproachEFCore.csproj", "{A48EB3F9-23F8-4D9D-B94B-844538E93CBB}"
EndProject
Global
	GlobalSection(SolutionConfigurationPlatforms) = preSolution
		Debug|Any CPU = Debug|Any CPU
		Release|Any CPU = Release|Any CPU
	EndGlobalSection
	GlobalSection(ProjectConfigurationPlatforms) = postSolution
		{A48EB3F9-23F8-4D9D-B94B-844538E93CBB}.Debug|Any CPU.ActiveCfg = Debug|Any CPU
		{A48EB3F9-23F8-4D9D-B94B-844538E93CBB}.Debug|Any CPU.Build.0 = Debug|Any CPU
		{A48EB3F9-23F8-4D9D-B94B-844538E93CBB}.Release|Any CPU.ActiveCfg = Release|Any CPU
		{A48EB3F9-23F8-4D9D-B94B-844538E93CBB}.Release|Any CPU.Build.0 = Release|Any CPU
	EndGlobalSection
	GlobalSection(SolutionProperties) = preSolution
		HideSolutionNode = FALSE
	EndGlobalSection
	GlobalSection(ExtensibilityGlobals) = postSolution
		SolutionGuid = {D76D9A15-9EEE-495C-B892-04992764AB97}
	EndGlobalSection
EndGlobal
